# This file is automatically @generated by Cargo.
# It is not intended for manual editing.
[[package]]
name = "anyhow"
version = "1.0.38"
source = "registry+https://github.com/rust-lang/crates.io-index"
checksum = "afddf7f520a80dbf76e6f50a35bca42a2331ef227a28b3b6dc5c2e2338d114b1"

[[package]]
name = "base64"
version = "0.13.0"
source = "registry+https://github.com/rust-lang/crates.io-index"
checksum = "904dfeac50f3cdaba28fc6f57fdcddb75f49ed61346676a78c4ffe55877802fd"

[[package]]
name = "ct-ext-search"
version = "0.1.0"
dependencies = [
 "anyhow",
 "pem",
 "yasna",
]

[[package]]
name = "once_cell"
version = "1.5.2"
source = "registry+https://github.com/rust-lang/crates.io-index"
checksum = "13bd41f508810a131401606d54ac32a467c97172d74ba7662562ebba5ad07fa0"

[[package]]
name = "pem"
version = "0.8.2"
source = "registry+https://github.com/rust-lang/crates.io-index"
checksum = "f4c220d01f863d13d96ca82359d1e81e64a7c6bf0637bcde7b2349630addf0c6"
dependencies = [
 "base64",
 "once_cell",
 "regex",
]

[[package]]
name = "regex"
version = "1.4.3"
source = "registry+https://github.com/rust-lang/crates.io-index"
checksum = "d9251239e129e16308e70d853559389de218ac275b515068abc96829d05b948a"
dependencies = [
 "regex-syntax",
]

[[package]]
name = "regex-syntax"
version = "0.6.22"
source = "registry+https://github.com/rust-lang/crates.io-index"
checksum = "b5eb417147ba9860a96cfe72a0b93bf88fee1744b5636ec99ab20c1aa9376581"

[[package]]
name = "yasna"
version = "0.3.2"
source = "registry+https://github.com/rust-lang/crates.io-index"
checksum = "0de7bff972b4f2a06c85f6d8454b09df153af7e3a4ec2aac81db1b105b684ddb"
